
Microsoft Visual Studio Solution File, Format Version 12.00
# Visual Studio Version 17
VisualStudioVersion = 17.8.34322.80
MinimumVisualStudioVersion = 10.0.40219.1
Project("{FAE04EC0-301F-11D3-BF4B-00C04F79EFBC}") = "Dal", "Dal\Dal.csproj", "{8F207153-A58A-4CDC-A84D-E516D66528D7}"
EndProject
Project("{FAE04EC0-301F-11D3-BF4B-00C04F79EFBC}") = "JobSearchApi", "JobSearchApi\JobSearchApi.csproj", "{1A896277-C2BD-48AA-9BF6-3711FD1EEF2F}"
EndProject
Project("{FAE04EC0-301F-11D3-BF4B-00C04F79EFBC}") = "JobsearchMvc", "JobsearchMvc\JobsearchMvc.csproj", "{A3629C3D-1861-4E3D-8759-E26137441247}"
EndProject
Global
	GlobalSection(SolutionConfigurationPlatforms) = preSolution
		Debug|Any CPU = Debug|Any CPU
		Release|Any CPU = Release|Any CPU
	EndGlobalSection
	GlobalSection(ProjectConfigurationPlatforms) = postSolution
		{8F207153-A58A-4CDC-A84D-E516D66528D7}.Debug|Any CPU.ActiveCfg = Debug|Any CPU
		{8F207153-A58A-4CDC-A84D-E516D66528D7}.Debug|Any CPU.Build.0 = Debug|Any CPU
		{8F207153-A58A-4CDC-A84D-E516D66528D7}.Release|Any CPU.ActiveCfg = Release|Any CPU
		{8F207153-A58A-4CDC-A84D-E516D66528D7}.Release|Any CPU.Build.0 = Release|Any CPU
		{1A896277-C2BD-48AA-9BF6-3711FD1EEF2F}.Debug|Any CPU.ActiveCfg = Debug|Any CPU
		{1A896277-C2BD-48AA-9BF6-3711FD1EEF2F}.Debug|Any CPU.Build.0 = Debug|Any CPU
		{1A896277-C2BD-48AA-9BF6-3711FD1EEF2F}.Release|Any CPU.ActiveCfg = Release|Any CPU
		{1A896277-C2BD-48AA-9BF6-3711FD1EEF2F}.Release|Any CPU.Build.0 = Release|Any CPU
		{A3629C3D-1861-4E3D-8759-E26137441247}.Debug|Any CPU.ActiveCfg = Debug|Any CPU
		{A3629C3D-1861-4E3D-8759-E26137441247}.Debug|Any CPU.Build.0 = Debug|Any CPU
		{A3629C3D-1861-4E3D-8759-E26137441247}.Release|Any CPU.ActiveCfg = Release|Any CPU
		{A3629C3D-1861-4E3D-8759-E26137441247}.Release|Any CPU.Build.0 = Release|Any CPU
	EndGlobalSection
	GlobalSection(SolutionProperties) = preSolution
		HideSolutionNode = FALSE
	EndGlobalSection
	GlobalSection(ExtensibilityGlobals) = postSolution
		SolutionGuid = {895BE604-4FEB-4C81-9D9C-705AC9AEC44E}
	EndGlobalSection
EndGlobal
